
Microsoft Visual Studio Solution File, Format Version 12.00
# Visual Studio Version 17
VisualStudioVersion = 17.0.31903.59
MinimumVisualStudioVersion = 10.0.40219.1
Project("{FAE04EC0-301F-11D3-BF4B-00C04F79EFBC}") = "SvgPictures", "SvgPictures\SvgPictures.csproj", "{C29CCB4F-8B87-40DD-BF16-BCBF98B915D2}"
EndProject
Project("{FAE04EC0-301F-11D3-BF4B-00C04F79EFBC}") = "Issue-649-AddPicture", "Issue-649-AddPicture\Issue-649-AddPicture.csproj", "{FC1AB6A2-7F77-4C93-89C7-9A2474470826}"
EndProject
Project("{FAE04EC0-301F-11D3-BF4B-00C04F79EFBC}") = "Shape.SetGeometry", "Shape.SetGeometry\Shape.SetGeometry.csproj", "{624EF16B-70C3-4D5B-A25B-A7C5ED39AABD}"
EndProject
Project("{FAE04EC0-301F-11D3-BF4B-00C04F79EFBC}") = "Picture.SetGeometry", "Picture.SetGeometry\Picture.SetGeometry.csproj", "{8CD1F27A-0FF0-4910-8D09-59066196C700}"
EndProject
Global
	GlobalSection(SolutionConfigurationPlatforms) = preSolution
		Debug|Any CPU = Debug|Any CPU
		Release|Any CPU = Release|Any CPU
	EndGlobalSection
	GlobalSection(SolutionProperties) = preSolution
		HideSolutionNode = FALSE
	EndGlobalSection
	GlobalSection(ProjectConfigurationPlatforms) = postSolution
		{C29CCB4F-8B87-40DD-BF16-BCBF98B915D2}.Debug|Any CPU.ActiveCfg = Debug|Any CPU
		{C29CCB4F-8B87-40DD-BF16-BCBF98B915D2}.Debug|Any CPU.Build.0 = Debug|Any CPU
		{C29CCB4F-8B87-40DD-BF16-BCBF98B915D2}.Release|Any CPU.ActiveCfg = Release|Any CPU
		{C29CCB4F-8B87-40DD-BF16-BCBF98B915D2}.Release|Any CPU.Build.0 = Release|Any CPU
		{FC1AB6A2-7F77-4C93-89C7-9A2474470826}.Debug|Any CPU.ActiveCfg = Debug|Any CPU
		{FC1AB6A2-7F77-4C93-89C7-9A2474470826}.Debug|Any CPU.Build.0 = Debug|Any CPU
		{FC1AB6A2-7F77-4C93-89C7-9A2474470826}.Release|Any CPU.ActiveCfg = Release|Any CPU
		{FC1AB6A2-7F77-4C93-89C7-9A2474470826}.Release|Any CPU.Build.0 = Release|Any CPU
		{624EF16B-70C3-4D5B-A25B-A7C5ED39AABD}.Debug|Any CPU.ActiveCfg = Debug|Any CPU
		{624EF16B-70C3-4D5B-A25B-A7C5ED39AABD}.Debug|Any CPU.Build.0 = Debug|Any CPU
		{624EF16B-70C3-4D5B-A25B-A7C5ED39AABD}.Release|Any CPU.ActiveCfg = Release|Any CPU
		{624EF16B-70C3-4D5B-A25B-A7C5ED39AABD}.Release|Any CPU.Build.0 = Release|Any CPU
		{8CD1F27A-0FF0-4910-8D09-59066196C700}.Debug|Any CPU.ActiveCfg = Debug|Any CPU
		{8CD1F27A-0FF0-4910-8D09-59066196C700}.Debug|Any CPU.Build.0 = Debug|Any CPU
		{8CD1F27A-0FF0-4910-8D09-59066196C700}.Release|Any CPU.ActiveCfg = Release|Any CPU
		{8CD1F27A-0FF0-4910-8D09-59066196C700}.Release|Any CPU.Build.0 = Release|Any CPU
	EndGlobalSection
EndGlobal
